// !$*UTF8*$!
{
	archiveVersion = 1;
	classes = {
	};
	objectVersion = 46;
	objects = {

/* Begin PBXBuildFile section */
		7203F59A1E6ECADE004A6AC6 /* PirepSendNewViewController.swift in Sources */ = {isa = PBXBuildFile; fileRef = 7203F5991E6ECADE004A6AC6 /* PirepSendNewViewController.swift */; };
		7203F59C1E6ECF6C004A6AC6 /* AudioToolbox.framework in Frameworks */ = {isa = PBXBuildFile; fileRef = 7203F59B1E6ECF6C004A6AC6 /* AudioToolbox.framework */; };
		7203F5A21E6ECFD8004A6AC6 /* CoreGraphics.framework in Frameworks */ = {isa = PBXBuildFile; fileRef = 7203F5A11E6ECFD8004A6AC6 /* CoreGraphics.framework */; };
		7203F5A41E6ECFE0004A6AC6 /* CoreLocation.framework in Frameworks */ = {isa = PBXBuildFile; fileRef = 7203F5A31E6ECFE0004A6AC6 /* CoreLocation.framework */; };
		7203F5A61E6ECFFB004A6AC6 /* QuartzCore.framework in Frameworks */ = {isa = PBXBuildFile; fileRef = 7203F5A51E6ECFFB004A6AC6 /* QuartzCore.framework */; };
		7203F5A81E6ED005004A6AC6 /* Security.framework in Frameworks */ = {isa = PBXBuildFile; fileRef = 7203F5A71E6ED005004A6AC6 /* Security.framework */; };
		7203F5AA1E6ED00F004A6AC6 /* StoreKit.framework in Frameworks */ = {isa = PBXBuildFile; fileRef = 7203F5A91E6ED00F004A6AC6 /* StoreKit.framework */; };
		7203F5AC1E6ED018004A6AC6 /* SystemConfiguration.framework in Frameworks */ = {isa = PBXBuildFile; fileRef = 7203F5AB1E6ED018004A6AC6 /* SystemConfiguration.framework */; };
		7203F5AF1E6ED34B004A6AC6 /* libz.tbd in Frameworks */ = {isa = PBXBuildFile; fileRef = 7203F5AE1E6ED34B004A6AC6 /* libz.tbd */; };
		7203F5B11E6ED358004A6AC6 /* libsqlite3.tbd in Frameworks */ = {isa = PBXBuildFile; fileRef = 7203F5B01E6ED358004A6AC6 /* libsqlite3.tbd */; };
		7203F5B91E6ED3A0004A6AC6 /* CFNetwork.framework in Frameworks */ = {isa = PBXBuildFile; fileRef = 7203F5B81E6ED3A0004A6AC6 /* CFNetwork.framework */; };
		7203F5BB1E6ED3AD004A6AC6 /* CoreData.framework in Frameworks */ = {isa = PBXBuildFile; fileRef = 7203F5BA1E6ED3AD004A6AC6 /* CoreData.framework */; };
		7203F5CE1E6EDB49004A6AC6 /* ParseUI.framework in Frameworks */ = {isa = PBXBuildFile; fileRef = 7203F5CB1E6EDB49004A6AC6 /* ParseUI.framework */; };
		72167B981E647C88005FD6EA /* PIREPSendMasterTableViewController.swift in Sources */ = {isa = PBXBuildFile; fileRef = 72167B971E647C88005FD6EA /* PIREPSendMasterTableViewController.swift */; };
		72167B9A1E647D42005FD6EA /* PIREPSendDetailViewController.swift in Sources */ = {isa = PBXBuildFile; fileRef = 72167B991E647D42005FD6EA /* PIREPSendDetailViewController.swift */; };
		72CBDDD91DC6FA4C00B73554 /* TAFs.swift in Sources */ = {isa = PBXBuildFile; fileRef = 72CBDDD81DC6FA4C00B73554 /* TAFs.swift */; };
		72DA76311E6EF82400C74B60 /* MobileCoreServices.framework in Frameworks */ = {isa = PBXBuildFile; fileRef = 72DA76301E6EF82400C74B60 /* MobileCoreServices.framework */; };
		72DA76341E6EFBEF00C74B60 /* Bolts.framework in Frameworks */ = {isa = PBXBuildFile; fileRef = 72DA76321E6EFBEF00C74B60 /* Bolts.framework */; };
		72DA76351E6EFBEF00C74B60 /* Parse.framework in Frameworks */ = {isa = PBXBuildFile; fileRef = 72DA76331E6EFBEF00C74B60 /* Parse.framework */; };
		72DE34621DC3EC4C0085463F /* TAFsViewController.swift in Sources */ = {isa = PBXBuildFile; fileRef = 72DE34611DC3EC4C0085463F /* TAFsViewController.swift */; };
		72DE34641DC3EDD50085463F /* CustomAnnotation.swift in Sources */ = {isa = PBXBuildFile; fileRef = 72DE34631DC3EDD50085463F /* CustomAnnotation.swift */; };
		72DE34681DC40D830085463F /* HazardsViewController.swift in Sources */ = {isa = PBXBuildFile; fileRef = 72DE34671DC40D830085463F /* HazardsViewController.swift */; };
		72DE346E1DC40DC60085463F /* RadarViewController.swift in Sources */ = {isa = PBXBuildFile; fileRef = 72DE346D1DC40DC60085463F /* RadarViewController.swift */; };
		72DE34701DC466410085463F /* PIREPSendViewController.swift in Sources */ = {isa = PBXBuildFile; fileRef = 72DE346F1DC466410085463F /* PIREPSendViewController.swift */; };
		72DE34721DC47C640085463F /* Weather.ttf in Resources */ = {isa = PBXBuildFile; fileRef = 72DE34711DC47C640085463F /* Weather.ttf */; };
		8433199D1E9F28BC00458EE5 /* PSendViewController.swift in Sources */ = {isa = PBXBuildFile; fileRef = 8433199C1E9F28BC00458EE5 /* PSendViewController.swift */; };
		847C3A581E9EC268008925DA /* DisplayHazardViewController.swift in Sources */ = {isa = PBXBuildFile; fileRef = 847C3A571E9EC268008925DA /* DisplayHazardViewController.swift */; };
		847C3A5A1E9EC275008925DA /* DisplayTAFViewController.swift in Sources */ = {isa = PBXBuildFile; fileRef = 847C3A591E9EC275008925DA /* DisplayTAFViewController.swift */; };
		847C3A5C1E9EC481008925DA /* Main.storyboard in Resources */ = {isa = PBXBuildFile; fileRef = 847C3A5B1E9EC481008925DA /* Main.storyboard */; };
		84D062BA1E5163C6007CA01D /* LocationSearchTable.swift in Sources */ = {isa = PBXBuildFile; fileRef = 84D062B91E5163C6007CA01D /* LocationSearchTable.swift */; };
		84FB89C31DE44011006C5BBC /* DisplayPIREPViewController.swift in Sources */ = {isa = PBXBuildFile; fileRef = 84FB89C21DE44011006C5BBC /* DisplayPIREPViewController.swift */; };
		C062D8681DDCF4DB00CC8131 /* Assets.xcassets in Resources */ = {isa = PBXBuildFile; fileRef = C062D8671DDCF4DB00CC8131 /* Assets.xcassets */; };
		C069F82B1DB85FDA00D9A0A5 /* AppDelegate.swift in Sources */ = {isa = PBXBuildFile; fileRef = C069F82A1DB85FDA00D9A0A5 /* AppDelegate.swift */; };
		C069F8371DB85FDA00D9A0A5 /* LaunchScreen.storyboard in Resources */ = {isa = PBXBuildFile; fileRef = C069F8351DB85FDA00D9A0A5 /* LaunchScreen.storyboard */; };
		C069F8421DB85FDA00D9A0A5 /* AutomatedPIREPTests.swift in Sources */ = {isa = PBXBuildFile; fileRef = C069F8411DB85FDA00D9A0A5 /* AutomatedPIREPTests.swift */; };
		C069F84D1DB85FDA00D9A0A5 /* AutomatedPIREPUITests.swift in Sources */ = {isa = PBXBuildFile; fileRef = C069F84C1DB85FDA00D9A0A5 /* AutomatedPIREPUITests.swift */; };
		C069F85D1DB8602200D9A0A5 /* Info.plist in Resources */ = {isa = PBXBuildFile; fileRef = C069F85C1DB8602200D9A0A5 /* Info.plist */; };
		C069F85F1DB8602B00D9A0A5 /* PirepViewController.swift in Sources */ = {isa = PBXBuildFile; fileRef = C069F85E1DB8602B00D9A0A5 /* PirepViewController.swift */; };
		C069F8631DB8604900D9A0A5 /* locations.swift in Sources */ = {isa = PBXBuildFile; fileRef = C069F8601DB8604900D9A0A5 /* locations.swift */; };
		C069F8641DB8604900D9A0A5 /* PIREPLocations.swift in Sources */ = {isa = PBXBuildFile; fileRef = C069F8611DB8604900D9A0A5 /* PIREPLocations.swift */; };
		C069F8651DB8604900D9A0A5 /* METARSViewController.swift in Sources */ = {isa = PBXBuildFile; fileRef = C069F8621DB8604900D9A0A5 /* METARSViewController.swift */; };
/* End PBXBuildFile section */

/* Begin PBXContainerItemProxy section */
		C069F83E1DB85FDA00D9A0A5 /* PBXContainerItemProxy */ = {
			isa = PBXContainerItemProxy;
			containerPortal = C069F81F1DB85FDA00D9A0A5 /* Project object */;
			proxyType = 1;
			remoteGlobalIDString = C069F8261DB85FDA00D9A0A5;
			remoteInfo = AutomatedPIREP;
		};
		C069F8491DB85FDA00D9A0A5 /* PBXContainerItemProxy */ = {
			isa = PBXContainerItemProxy;
			containerPortal = C069F81F1DB85FDA00D9A0A5 /* Project object */;
			proxyType = 1;
			remoteGlobalIDString = C069F8261DB85FDA00D9A0A5;
			remoteInfo = AutomatedPIREP;
		};
/* End PBXContainerItemProxy section */

/* Begin PBXFileReference section */
		7203F5991E6ECADE004A6AC6 /* PirepSendNewViewController.swift */ = {isa = PBXFileReference; fileEncoding = 4; lastKnownFileType = sourcecode.swift; path = PirepSendNewViewController.swift; sourceTree = "<group>"; };
		7203F59B1E6ECF6C004A6AC6 /* AudioToolbox.framework */ = {isa = PBXFileReference; lastKnownFileType = wrapper.framework; name = AudioToolbox.framework; path = System/Library/Frameworks/AudioToolbox.framework; sourceTree = SDKROOT; };
		7203F5A11E6ECFD8004A6AC6 /* CoreGraphics.framework */ = {isa = PBXFileReference; lastKnownFileType = wrapper.framework; name = CoreGraphics.framework; path = System/Library/Frameworks/CoreGraphics.framework; sourceTree = SDKROOT; };
		7203F5A31E6ECFE0004A6AC6 /* CoreLocation.framework */ = {isa = PBXFileReference; lastKnownFileType = wrapper.framework; name = CoreLocation.framework; path = System/Library/Frameworks/CoreLocation.framework; sourceTree = SDKROOT; };
		7203F5A51E6ECFFB004A6AC6 /* QuartzCore.framework */ = {isa = PBXFileReference; lastKnownFileType = wrapper.framework; name = QuartzCore.framework; path = System/Library/Frameworks/QuartzCore.framework; sourceTree = SDKROOT; };
		7203F5A71E6ED005004A6AC6 /* Security.framework */ = {isa = PBXFileReference; lastKnownFileType = wrapper.framework; name = Security.framework; path = System/Library/Frameworks/Security.framework; sourceTree = SDKROOT; };
		7203F5A91E6ED00F004A6AC6 /* StoreKit.framework */ = {isa = PBXFileReference; lastKnownFileType = wrapper.framework; name = StoreKit.framework; path = System/Library/Frameworks/StoreKit.framework; sourceTree = SDKROOT; };
		7203F5AB1E6ED018004A6AC6 /* SystemConfiguration.framework */ = {isa = PBXFileReference; lastKnownFileType = wrapper.framework; name = SystemConfiguration.framework; path = System/Library/Frameworks/SystemConfiguration.framework; sourceTree = SDKROOT; };
		7203F5AE1E6ED34B004A6AC6 /* libz.tbd */ = {isa = PBXFileReference; lastKnownFileType = "sourcecode.text-based-dylib-definition"; name = libz.tbd; path = usr/lib/libz.tbd; sourceTree = SDKROOT; };
		7203F5B01E6ED358004A6AC6 /* libsqlite3.tbd */ = {isa = PBXFileReference; lastKnownFileType = "sourcecode.text-based-dylib-definition"; name = libsqlite3.tbd; path = usr/lib/libsqlite3.tbd; sourceTree = SDKROOT; };
		7203F5B81E6ED3A0004A6AC6 /* CFNetwork.framework */ = {isa = PBXFileReference; lastKnownFileType = wrapper.framework; name = CFNetwork.framework; path = System/Library/Frameworks/CFNetwork.framework; sourceTree = SDKROOT; };
		7203F5BA1E6ED3AD004A6AC6 /* CoreData.framework */ = {isa = PBXFileReference; lastKnownFileType = wrapper.framework; name = CoreData.framework; path = System/Library/Frameworks/CoreData.framework; sourceTree = SDKROOT; };
		7203F5C81E6ED92C004A6AC6 /* AutomatedPIREP-Bridging-Header.h */ = {isa = PBXFileReference; lastKnownFileType = sourcecode.c.h; path = "AutomatedPIREP-Bridging-Header.h"; sourceTree = "<group>"; };
		7203F5CB1E6EDB49004A6AC6 /* ParseUI.framework */ = {isa = PBXFileReference; lastKnownFileType = wrapper.framework; path = ParseUI.framework; sourceTree = "<group>"; };
		72167B971E647C88005FD6EA /* PIREPSendMasterTableViewController.swift */ = {isa = PBXFileReference; fileEncoding = 4; lastKnownFileType = sourcecode.swift; path = PIREPSendMasterTableViewController.swift; sourceTree = "<group>"; };
		72167B991E647D42005FD6EA /* PIREPSendDetailViewController.swift */ = {isa = PBXFileReference; fileEncoding = 4; lastKnownFileType = sourcecode.swift; path = PIREPSendDetailViewController.swift; sourceTree = "<group>"; };
		72CBDDD81DC6FA4C00B73554 /* TAFs.swift */ = {isa = PBXFileReference; fileEncoding = 4; lastKnownFileType = sourcecode.swift; path = TAFs.swift; sourceTree = "<group>"; };
		72DA76301E6EF82400C74B60 /* MobileCoreServices.framework */ = {isa = PBXFileReference; lastKnownFileType = wrapper.framework; name = MobileCoreServices.framework; path = System/Library/Frameworks/MobileCoreServices.framework; sourceTree = SDKROOT; };
		72DA76321E6EFBEF00C74B60 /* Bolts.framework */ = {isa = PBXFileReference; lastKnownFileType = wrapper.framework; path = Bolts.framework; sourceTree = "<group>"; };
		72DA76331E6EFBEF00C74B60 /* Parse.framework */ = {isa = PBXFileReference; lastKnownFileType = wrapper.framework; path = Parse.framework; sourceTree = "<group>"; };
		72DE34611DC3EC4C0085463F /* TAFsViewController.swift */ = {isa = PBXFileReference; fileEncoding = 4; lastKnownFileType = sourcecode.swift; path = TAFsViewController.swift; sourceTree = "<group>"; };
		72DE34631DC3EDD50085463F /* CustomAnnotation.swift */ = {isa = PBXFileReference; fileEncoding = 4; lastKnownFileType = sourcecode.swift; path = CustomAnnotation.swift; sourceTree = "<group>"; };
		72DE34671DC40D830085463F /* HazardsViewController.swift */ = {isa = PBXFileReference; fileEncoding = 4; lastKnownFileType = sourcecode.swift; path = HazardsViewController.swift; sourceTree = "<group>"; };
		72DE346D1DC40DC60085463F /* RadarViewController.swift */ = {isa = PBXFileReference; fileEncoding = 4; lastKnownFileType = sourcecode.swift; path = RadarViewController.swift; sourceTree = "<group>"; };
		72DE346F1DC466410085463F /* PIREPSendViewController.swift */ = {isa = PBXFileReference; fileEncoding = 4; lastKnownFileType = sourcecode.swift; path = PIREPSendViewController.swift; sourceTree = "<group>"; };
		72DE34711DC47C640085463F /* Weather.ttf */ = {isa = PBXFileReference; lastKnownFileType = file; name = Weather.ttf; path = ../Weather.ttf; sourceTree = "<group>"; };
		8433199C1E9F28BC00458EE5 /* PSendViewController.swift */ = {isa = PBXFileReference; fileEncoding = 4; lastKnownFileType = sourcecode.swift; name = PSendViewController.swift; path = ../PSendViewController.swift; sourceTree = "<group>"; };
		847C3A571E9EC268008925DA /* DisplayHazardViewController.swift */ = {isa = PBXFileReference; fileEncoding = 4; lastKnownFileType = sourcecode.swift; path = DisplayHazardViewController.swift; sourceTree = "<group>"; };
		847C3A591E9EC275008925DA /* DisplayTAFViewController.swift */ = {isa = PBXFileReference; fileEncoding = 4; lastKnownFileType = sourcecode.swift; path = DisplayTAFViewController.swift; sourceTree = "<group>"; };
		847C3A5B1E9EC481008925DA /* Main.storyboard */ = {isa = PBXFileReference; fileEncoding = 4; lastKnownFileType = file.storyboard; name = Main.storyboard; path = ../Main.storyboard; sourceTree = "<group>"; };
		84D062B91E5163C6007CA01D /* LocationSearchTable.swift */ = {isa = PBXFileReference; fileEncoding = 4; lastKnownFileType = sourcecode.swift; path = LocationSearchTable.swift; sourceTree = "<group>"; };
		84FB89C21DE44011006C5BBC /* DisplayPIREPViewController.swift */ = {isa = PBXFileReference; fileEncoding = 4; lastKnownFileType = sourcecode.swift; path = DisplayPIREPViewController.swift; sourceTree = "<group>"; };
		C062D8671DDCF4DB00CC8131 /* Assets.xcassets */ = {isa = PBXFileReference; lastKnownFileType = folder.assetcatalog; path = Assets.xcassets; sourceTree = "<group>"; };
		C069F8271DB85FDA00D9A0A5 /* AutomatedPIREP.app */ = {isa = PBXFileReference; explicitFileType = wrapper.application; includeInIndex = 0; path = AutomatedPIREP.app; sourceTree = BUILT_PRODUCTS_DIR; };
		C069F82A1DB85FDA00D9A0A5 /* AppDelegate.swift */ = {isa = PBXFileReference; lastKnownFileType = sourcecode.swift; path = AppDelegate.swift; sourceTree = "<group>"; };
		C069F8361DB85FDA00D9A0A5 /* Base */ = {isa = PBXFileReference; lastKnownFileType = file.storyboard; name = Base; path = Base.lproj/LaunchScreen.storyboard; sourceTree = "<group>"; };
		C069F83D1DB85FDA00D9A0A5 /* AutomatedPIREPTests.xctest */ = {isa = PBXFileReference; explicitFileType = wrapper.cfbundle; includeInIndex = 0; path = AutomatedPIREPTests.xctest; sourceTree = BUILT_PRODUCTS_DIR; };
		C069F8411DB85FDA00D9A0A5 /* AutomatedPIREPTests.swift */ = {isa = PBXFileReference; lastKnownFileType = sourcecode.swift; path = AutomatedPIREPTests.swift; sourceTree = "<group>"; };
		C069F8431DB85FDA00D9A0A5 /* Info.plist */ = {isa = PBXFileReference; lastKnownFileType = text.plist.xml; path = Info.plist; sourceTree = "<group>"; };
		C069F8481DB85FDA00D9A0A5 /* AutomatedPIREPUITests.xctest */ = {isa = PBXFileReference; explicitFileType = wrapper.cfbundle; includeInIndex = 0; path = AutomatedPIREPUITests.xctest; sourceTree = BUILT_PRODUCTS_DIR; };
		C069F84C1DB85FDA00D9A0A5 /* AutomatedPIREPUITests.swift */ = {isa = PBXFileReference; lastKnownFileType = sourcecode.swift; path = AutomatedPIREPUITests.swift; sourceTree = "<group>"; };
		C069F84E1DB85FDB00D9A0A5 /* Info.plist */ = {isa = PBXFileReference; lastKnownFileType = text.plist.xml; path = Info.plist; sourceTree = "<group>"; };
		C069F85C1DB8602200D9A0A5 /* Info.plist */ = {isa = PBXFileReference; fileEncoding = 4; lastKnownFileType = text.plist.xml; path = Info.plist; sourceTree = "<group>"; };
		C069F85E1DB8602B00D9A0A5 /* PirepViewController.swift */ = {isa = PBXFileReference; fileEncoding = 4; lastKnownFileType = sourcecode.swift; path = PirepViewController.swift; sourceTree = "<group>"; };
		C069F8601DB8604900D9A0A5 /* locations.swift */ = {isa = PBXFileReference; fileEncoding = 4; lastKnownFileType = sourcecode.swift; path = locations.swift; sourceTree = "<group>"; };
		C069F8611DB8604900D9A0A5 /* PIREPLocations.swift */ = {isa = PBXFileReference; fileEncoding = 4; lastKnownFileType = sourcecode.swift; path = PIREPLocations.swift; sourceTree = "<group>"; };
		C069F8621DB8604900D9A0A5 /* METARSViewController.swift */ = {isa = PBXFileReference; fileEncoding = 4; lastKnownFileType = sourcecode.swift; path = METARSViewController.swift; sourceTree = "<group>"; };
/* End PBXFileReference section */

/* Begin PBXFrameworksBuildPhase section */
		C069F8241DB85FDA00D9A0A5 /* Frameworks */ = {
			isa = PBXFrameworksBuildPhase;
			buildActionMask = 2147483647;
			files = (
				72DA76311E6EF82400C74B60 /* MobileCoreServices.framework in Frameworks */,
				7203F5BB1E6ED3AD004A6AC6 /* CoreData.framework in Frameworks */,
				7203F5B91E6ED3A0004A6AC6 /* CFNetwork.framework in Frameworks */,
				7203F5CE1E6EDB49004A6AC6 /* ParseUI.framework in Frameworks */,
				72DA76351E6EFBEF00C74B60 /* Parse.framework in Frameworks */,
				7203F5B11E6ED358004A6AC6 /* libsqlite3.tbd in Frameworks */,
				7203F5AF1E6ED34B004A6AC6 /* libz.tbd in Frameworks */,
				7203F5AC1E6ED018004A6AC6 /* SystemConfiguration.framework in Frameworks */,
				7203F5AA1E6ED00F004A6AC6 /* StoreKit.framework in Frameworks */,
				7203F5A81E6ED005004A6AC6 /* Security.framework in Frameworks */,
				7203F5A61E6ECFFB004A6AC6 /* QuartzCore.framework in Frameworks */,
				7203F5A41E6ECFE0004A6AC6 /* CoreLocation.framework in Frameworks */,
				7203F5A21E6ECFD8004A6AC6 /* CoreGraphics.framework in Frameworks */,
				7203F59C1E6ECF6C004A6AC6 /* AudioToolbox.framework in Frameworks */,
				72DA76341E6EFBEF00C74B60 /* Bolts.framework in Frameworks */,
			);
			runOnlyForDeploymentPostprocessing = 0;
		};
		C069F83A1DB85FDA00D9A0A5 /* Frameworks */ = {
			isa = PBXFrameworksBuildPhase;
			buildActionMask = 2147483647;
			files = (
			);
			runOnlyForDeploymentPostprocessing = 0;
		};
		C069F8451DB85FDA00D9A0A5 /* Frameworks */ = {
			isa = PBXFrameworksBuildPhase;
			buildActionMask = 2147483647;
			files = (
			);
			runOnlyForDeploymentPostprocessing = 0;
		};
/* End PBXFrameworksBuildPhase section */

/* Begin PBXGroup section */
		7203F5AD1E6ED332004A6AC6 /* Frameworks */ = {
			isa = PBXGroup;
			children = (
				72DA76321E6EFBEF00C74B60 /* Bolts.framework */,
				72DA76331E6EFBEF00C74B60 /* Parse.framework */,
				72DA76301E6EF82400C74B60 /* MobileCoreServices.framework */,
				7203F5CB1E6EDB49004A6AC6 /* ParseUI.framework */,
				7203F5BA1E6ED3AD004A6AC6 /* CoreData.framework */,
				7203F5B81E6ED3A0004A6AC6 /* CFNetwork.framework */,
				7203F5B01E6ED358004A6AC6 /* libsqlite3.tbd */,
				7203F5AE1E6ED34B004A6AC6 /* libz.tbd */,
				7203F5AB1E6ED018004A6AC6 /* SystemConfiguration.framework */,
				7203F5A91E6ED00F004A6AC6 /* StoreKit.framework */,
				7203F5A71E6ED005004A6AC6 /* Security.framework */,
				7203F5A51E6ECFFB004A6AC6 /* QuartzCore.framework */,
				7203F5A31E6ECFE0004A6AC6 /* CoreLocation.framework */,
				7203F5A11E6ECFD8004A6AC6 /* CoreGraphics.framework */,
				7203F59B1E6ECF6C004A6AC6 /* AudioToolbox.framework */,
			);
			name = Frameworks;
			sourceTree = "<group>";
		};
		72DE34781DC4FBF50085463F /* Supporting_Files */ = {
			isa = PBXGroup;
			children = (
				C069F8351DB85FDA00D9A0A5 /* LaunchScreen.storyboard */,
				C069F85C1DB8602200D9A0A5 /* Info.plist */,
				C069F8611DB8604900D9A0A5 /* PIREPLocations.swift */,
				72DE34631DC3EDD50085463F /* CustomAnnotation.swift */,
				72CBDDD81DC6FA4C00B73554 /* TAFs.swift */,
				C069F8601DB8604900D9A0A5 /* locations.swift */,
				72DE34711DC47C640085463F /* Weather.ttf */,
			);
			name = Supporting_Files;
			sourceTree = "<group>";
		};
		C069F81E1DB85FDA00D9A0A5 = {
			isa = PBXGroup;
			children = (
				7203F5AD1E6ED332004A6AC6 /* Frameworks */,
				C069F8291DB85FDA00D9A0A5 /* AutomatedPIREP */,
				C069F8401DB85FDA00D9A0A5 /* AutomatedPIREPTests */,
				C069F84B1DB85FDA00D9A0A5 /* AutomatedPIREPUITests */,
				C069F8281DB85FDA00D9A0A5 /* Products */,
			);
			sourceTree = "<group>";
		};
		C069F8281DB85FDA00D9A0A5 /* Products */ = {
			isa = PBXGroup;
			children = (
				C069F8271DB85FDA00D9A0A5 /* AutomatedPIREP.app */,
				C069F83D1DB85FDA00D9A0A5 /* AutomatedPIREPTests.xctest */,
				C069F8481DB85FDA00D9A0A5 /* AutomatedPIREPUITests.xctest */,
			);
			name = Products;
			sourceTree = "<group>";
		};
		C069F8291DB85FDA00D9A0A5 /* AutomatedPIREP */ = {
			isa = PBXGroup;
			children = (
				8433199C1E9F28BC00458EE5 /* PSendViewController.swift */,
				C069F82A1DB85FDA00D9A0A5 /* AppDelegate.swift */,
				C069F85E1DB8602B00D9A0A5 /* PirepViewController.swift */,
				84FB89C21DE44011006C5BBC /* DisplayPIREPViewController.swift */,
				847C3A571E9EC268008925DA /* DisplayHazardViewController.swift */,
				847C3A591E9EC275008925DA /* DisplayTAFViewController.swift */,
				72DE346F1DC466410085463F /* PIREPSendViewController.swift */,
				C069F8621DB8604900D9A0A5 /* METARSViewController.swift */,
				72DE34611DC3EC4C0085463F /* TAFsViewController.swift */,
				72DE34671DC40D830085463F /* HazardsViewController.swift */,
				84D062B91E5163C6007CA01D /* LocationSearchTable.swift */,
				847C3A5B1E9EC481008925DA /* Main.storyboard */,
				72DE346D1DC40DC60085463F /* RadarViewController.swift */,
				C062D8671DDCF4DB00CC8131 /* Assets.xcassets */,
				72DE34781DC4FBF50085463F /* Supporting_Files */,
				72167B971E647C88005FD6EA /* PIREPSendMasterTableViewController.swift */,
				72167B991E647D42005FD6EA /* PIREPSendDetailViewController.swift */,
				7203F5991E6ECADE004A6AC6 /* PirepSendNewViewController.swift */,
				7203F5C81E6ED92C004A6AC6 /* AutomatedPIREP-Bridging-Header.h */,
			);
			path = AutomatedPIREP;
			sourceTree = "<group>";
		};
		C069F8401DB85FDA00D9A0A5 /* AutomatedPIREPTests */ = {
			isa = PBXGroup;
			children = (
				C069F8411DB85FDA00D9A0A5 /* AutomatedPIREPTests.swift */,
				C069F8431DB85FDA00D9A0A5 /* Info.plist */,
			);
			path = AutomatedPIREPTests;
			sourceTree = "<group>";
		};
		C069F84B1DB85FDA00D9A0A5 /* AutomatedPIREPUITests */ = {
			isa = PBXGroup;
			children = (
				C069F84C1DB85FDA00D9A0A5 /* AutomatedPIREPUITests.swift */,
				C069F84E1DB85FDB00D9A0A5 /* Info.plist */,
			);
			path = AutomatedPIREPUITests;
			sourceTree = "<group>";
		};
/* End PBXGroup section */

/* Begin PBXNativeTarget section */
		C069F8261DB85FDA00D9A0A5 /* AutomatedPIREP */ = {
			isa = PBXNativeTarget;
			buildConfigurationList = C069F8511DB85FDB00D9A0A5 /* Build configuration list for PBXNativeTarget "AutomatedPIREP" */;
			buildPhases = (
				C069F8231DB85FDA00D9A0A5 /* Sources */,
				C069F8241DB85FDA00D9A0A5 /* Frameworks */,
				C069F8251DB85FDA00D9A0A5 /* Resources */,
			);
			buildRules = (
			);
			dependencies = (
			);
			name = AutomatedPIREP;
			productName = AutomatedPIREP;
			productReference = C069F8271DB85FDA00D9A0A5 /* AutomatedPIREP.app */;
			productType = "com.apple.product-type.application";
		};
		C069F83C1DB85FDA00D9A0A5 /* AutomatedPIREPTests */ = {
			isa = PBXNativeTarget;
			buildConfigurationList = C069F8541DB85FDB00D9A0A5 /* Build configuration list for PBXNativeTarget "AutomatedPIREPTests" */;
			buildPhases = (
				C069F8391DB85FDA00D9A0A5 /* Sources */,
				C069F83A1DB85FDA00D9A0A5 /* Frameworks */,
				C069F83B1DB85FDA00D9A0A5 /* Resources */,
			);
			buildRules = (
			);
			dependencies = (
				C069F83F1DB85FDA00D9A0A5 /* PBXTargetDependency */,
			);
			name = AutomatedPIREPTests;
			productName = AutomatedPIREPTests;
			productReference = C069F83D1DB85FDA00D9A0A5 /* AutomatedPIREPTests.xctest */;
			productType = "com.apple.product-type.bundle.unit-test";
		};
		C069F8471DB85FDA00D9A0A5 /* AutomatedPIREPUITests */ = {
			isa = PBXNativeTarget;
			buildConfigurationList = C069F8571DB85FDB00D9A0A5 /* Build configuration list for PBXNativeTarget "AutomatedPIREPUITests" */;
			buildPhases = (
				C069F8441DB85FDA00D9A0A5 /* Sources */,
				C069F8451DB85FDA00D9A0A5 /* Frameworks */,
				C069F8461DB85FDA00D9A0A5 /* Resources */,
			);
			buildRules = (
			);
			dependencies = (
				C069F84A1DB85FDA00D9A0A5 /* PBXTargetDependency */,
			);
			name = AutomatedPIREPUITests;
			productName = AutomatedPIREPUITests;
			productReference = C069F8481DB85FDA00D9A0A5 /* AutomatedPIREPUITests.xctest */;
			productType = "com.apple.product-type.bundle.ui-testing";
		};
/* End PBXNativeTarget section */

/* Begin PBXProject section */
		C069F81F1DB85FDA00D9A0A5 /* Project object */ = {
			isa = PBXProject;
			attributes = {
				LastSwiftUpdateCheck = 0730;
				LastUpgradeCheck = 0730;
				ORGANIZATIONNAME = "Gopavaram,Giri Rakesh";
				TargetAttributes = {
					C069F8261DB85FDA00D9A0A5 = {
						CreatedOnToolsVersion = 7.3.1;
					};
					C069F83C1DB85FDA00D9A0A5 = {
						CreatedOnToolsVersion = 7.3.1;
						TestTargetID = C069F8261DB85FDA00D9A0A5;
					};
					C069F8471DB85FDA00D9A0A5 = {
						CreatedOnToolsVersion = 7.3.1;
						TestTargetID = C069F8261DB85FDA00D9A0A5;
					};
				};
			};
			buildConfigurationList = C069F8221DB85FDA00D9A0A5 /* Build configuration list for PBXProject "AutomatedPIREP" */;
			compatibilityVersion = "Xcode 3.2";
			developmentRegion = English;
			hasScannedForEncodings = 0;
			knownRegions = (
				en,
				Base,
			);
			mainGroup = C069F81E1DB85FDA00D9A0A5;
			productRefGroup = C069F8281DB85FDA00D9A0A5 /* Products */;
			projectDirPath = "";
			projectRoot = "";
			targets = (
				C069F8261DB85FDA00D9A0A5 /* AutomatedPIREP */,
				C069F83C1DB85FDA00D9A0A5 /* AutomatedPIREPTests */,
				C069F8471DB85FDA00D9A0A5 /* AutomatedPIREPUITests */,
			);
		};
/* End PBXProject section */

/* Begin PBXResourcesBuildPhase section */
		C069F8251DB85FDA00D9A0A5 /* Resources */ = {
			isa = PBXResourcesBuildPhase;
			buildActionMask = 2147483647;
			files = (
				C069F85D1DB8602200D9A0A5 /* Info.plist in Resources */,
				C069F8371DB85FDA00D9A0A5 /* LaunchScreen.storyboard in Resources */,
				847C3A5C1E9EC481008925DA /* Main.storyboard in Resources */,
				C062D8681DDCF4DB00CC8131 /* Assets.xcassets in Resources */,
				72DE34721DC47C640085463F /* Weather.ttf in Resources */,
			);
			runOnlyForDeploymentPostprocessing = 0;
		};
		C069F83B1DB85FDA00D9A0A5 /* Resources */ = {
			isa = PBXResourcesBuildPhase;
			buildActionMask = 2147483647;
			files = (
			);
			runOnlyForDeploymentPostprocessing = 0;
		};
		C069F8461DB85FDA00D9A0A5 /* Resources */ = {
			isa = PBXResourcesBuildPhase;
			buildActionMask = 2147483647;
			files = (
			);
			runOnlyForDeploymentPostprocessing = 0;
		};
/* End PBXResourcesBuildPhase section */

/* Begin PBXSourcesBuildPhase section */
		C069F8231DB85FDA00D9A0A5 /* Sources */ = {
			isa = PBXSourcesBuildPhase;
			buildActionMask = 2147483647;
			files = (
				72167B9A1E647D42005FD6EA /* PIREPSendDetailViewController.swift in Sources */,
				84D062BA1E5163C6007CA01D /* LocationSearchTable.swift in Sources */,
				C069F8651DB8604900D9A0A5 /* METARSViewController.swift in Sources */,
				84FB89C31DE44011006C5BBC /* DisplayPIREPViewController.swift in Sources */,
				847C3A581E9EC268008925DA /* DisplayHazardViewController.swift in Sources */,
				C069F8641DB8604900D9A0A5 /* PIREPLocations.swift in Sources */,
				72DE34681DC40D830085463F /* HazardsViewController.swift in Sources */,
				72DE34701DC466410085463F /* PIREPSendViewController.swift in Sources */,
				C069F85F1DB8602B00D9A0A5 /* PirepViewController.swift in Sources */,
				C069F8631DB8604900D9A0A5 /* locations.swift in Sources */,
				72DE34621DC3EC4C0085463F /* TAFsViewController.swift in Sources */,
				C069F82B1DB85FDA00D9A0A5 /* AppDelegate.swift in Sources */,
				72167B981E647C88005FD6EA /* PIREPSendMasterTableViewController.swift in Sources */,
				7203F59A1E6ECADE004A6AC6 /* PirepSendNewViewController.swift in Sources */,
				72CBDDD91DC6FA4C00B73554 /* TAFs.swift in Sources */,
				72DE34641DC3EDD50085463F /* CustomAnnotation.swift in Sources */,
				8433199D1E9F28BC00458EE5 /* PSendViewController.swift in Sources */,
				72DE346E1DC40DC60085463F /* RadarViewController.swift in Sources */,
				847C3A5A1E9EC275008925DA /* DisplayTAFViewController.swift in Sources */,
			);
			runOnlyForDeploymentPostprocessing = 0;
		};
		C069F8391DB85FDA00D9A0A5 /* Sources */ = {
			isa = PBXSourcesBuildPhase;
			buildActionMask = 2147483647;
			files = (
				C069F8421DB85FDA00D9A0A5 /* AutomatedPIREPTests.swift in Sources */,
			);
			runOnlyForDeploymentPostprocessing = 0;
		};
		C069F8441DB85FDA00D9A0A5 /* Sources */ = {
			isa = PBXSourcesBuildPhase;
			buildActionMask = 2147483647;
			files = (
				C069F84D1DB85FDA00D9A0A5 /* AutomatedPIREPUITests.swift in Sources */,
			);
			runOnlyForDeploymentPostprocessing = 0;
		};
/* End PBXSourcesBuildPhase section */

/* Begin PBXTargetDependency section */
		C069F83F1DB85FDA00D9A0A5 /* PBXTargetDependency */ = {
			isa = PBXTargetDependency;
			target = C069F8261DB85FDA00D9A0A5 /* AutomatedPIREP */;
			targetProxy = C069F83E1DB85FDA00D9A0A5 /* PBXContainerItemProxy */;
		};
		C069F84A1DB85FDA00D9A0A5 /* PBXTargetDependency */ = {
			isa = PBXTargetDependency;
			target = C069F8261DB85FDA00D9A0A5 /* AutomatedPIREP */;
			targetProxy = C069F8491DB85FDA00D9A0A5 /* PBXContainerItemProxy */;
		};
/* End PBXTargetDependency section */

/* Begin PBXVariantGroup section */
		C069F8351DB85FDA00D9A0A5 /* LaunchScreen.storyboard */ = {
			isa = PBXVariantGroup;
			children = (
				C069F8361DB85FDA00D9A0A5 /* Base */,
			);
			name = LaunchScreen.storyboard;
			sourceTree = "<group>";
		};
/* End PBXVariantGroup section */

/* Begin XCBuildConfiguration section */
		C069F84F1DB85FDB00D9A0A5 /* Debug */ = {
			isa = XCBuildConfiguration;
			buildSettings = {
				ALWAYS_SEARCH_USER_PATHS = NO;
				CLANG_ANALYZER_NONNULL = YES;
				CLANG_CXX_LANGUAGE_STANDARD = "gnu++0x";
				CLANG_CXX_LIBRARY = "libc++";
				CLANG_ENABLE_MODULES = YES;
				CLANG_ENABLE_OBJC_ARC = YES;
				CLANG_WARN_BOOL_CONVERSION = YES;
				CLANG_WARN_CONSTANT_CONVERSION = YES;
				CLANG_WARN_DIRECT_OBJC_ISA_USAGE = YES_ERROR;
				CLANG_WARN_EMPTY_BODY = YES;
				CLANG_WARN_ENUM_CONVERSION = YES;
				CLANG_WARN_INT_CONVERSION = YES;
				CLANG_WARN_OBJC_ROOT_CLASS = YES_ERROR;
				CLANG_WARN_UNREACHABLE_CODE = YES;
				CLANG_WARN__DUPLICATE_METHOD_MATCH = YES;
				"CODE_SIGN_IDENTITY[sdk=iphoneos*]" = "iPhone Developer";
				COPY_PHASE_STRIP = NO;
				DEBUG_INFORMATION_FORMAT = dwarf;
				ENABLE_STRICT_OBJC_MSGSEND = YES;
				ENABLE_TESTABILITY = YES;
				GCC_C_LANGUAGE_STANDARD = gnu99;
				GCC_DYNAMIC_NO_PIC = NO;
				GCC_NO_COMMON_BLOCKS = YES;
				GCC_OPTIMIZATION_LEVEL = 0;
				GCC_PREPROCESSOR_DEFINITIONS = (
					"DEBUG=1",
					"$(inherited)",
				);
				GCC_WARN_64_TO_32_BIT_CONVERSION = YES;
				GCC_WARN_ABOUT_RETURN_TYPE = YES_ERROR;
				GCC_WARN_UNDECLARED_SELECTOR = YES;
				GCC_WARN_UNINITIALIZED_AUTOS = YES_AGGRESSIVE;
				GCC_WARN_UNUSED_FUNCTION = YES;
				GCC_WARN_UNUSED_VARIABLE = YES;
				IPHONEOS_DEPLOYMENT_TARGET = 9.3;
				MTL_ENABLE_DEBUG_INFO = YES;
				ONLY_ACTIVE_ARCH = YES;
				SDKROOT = iphoneos;
				SWIFT_OPTIMIZATION_LEVEL = "-Onone";
				TARGETED_DEVICE_FAMILY = "1,2";
			};
			name = Debug;
		};
		C069F8501DB85FDB00D9A0A5 /* Release */ = {
			isa = XCBuildConfiguration;
			buildSettings = {
				ALWAYS_SEARCH_USER_PATHS = NO;
				CLANG_ANALYZER_NONNULL = YES;
				CLANG_CXX_LANGUAGE_STANDARD = "gnu++0x";
				CLANG_CXX_LIBRARY = "libc++";
				CLANG_ENABLE_MODULES = YES;
				CLANG_ENABLE_OBJC_ARC = YES;
				CLANG_WARN_BOOL_CONVERSION = YES;
				CLANG_WARN_CONSTANT_CONVERSION = YES;
				CLANG_WARN_DIRECT_OBJC_ISA_USAGE = YES_ERROR;
				CLANG_WARN_EMPTY_BODY = YES;
				CLANG_WARN_ENUM_CONVERSION = YES;
				CLANG_WARN_INT_CONVERSION = YES;
				CLANG_WARN_OBJC_ROOT_CLASS = YES_ERROR;
				CLANG_WARN_UNREACHABLE_CODE = YES;
				CLANG_WARN__DUPLICATE_METHOD_MATCH = YES;
				"CODE_SIGN_IDENTITY[sdk=iphoneos*]" = "iPhone Developer";
				COPY_PHASE_STRIP = NO;
				DEBUG_INFORMATION_FORMAT = "dwarf-with-dsym";
				ENABLE_NS_ASSERTIONS = NO;
				ENABLE_STRICT_OBJC_MSGSEND = YES;
				GCC_C_LANGUAGE_STANDARD = gnu99;
				GCC_NO_COMMON_BLOCKS = YES;
				GCC_WARN_64_TO_32_BIT_CONVERSION = YES;
				GCC_WARN_ABOUT_RETURN_TYPE = YES_ERROR;
				GCC_WARN_UNDECLARED_SELECTOR = YES;
				GCC_WARN_UNINITIALIZED_AUTOS = YES_AGGRESSIVE;
				GCC_WARN_UNUSED_FUNCTION = YES;
				GCC_WARN_UNUSED_VARIABLE = YES;
				IPHONEOS_DEPLOYMENT_TARGET = 9.3;
				MTL_ENABLE_DEBUG_INFO = NO;
				SDKROOT = iphoneos;
				TARGETED_DEVICE_FAMILY = "1,2";
				VALIDATE_PRODUCT = YES;
			};
			name = Release;
		};
		C069F8521DB85FDB00D9A0A5 /* Debug */ = {
			isa = XCBuildConfiguration;
			buildSettings = {
				ASSETCATALOG_COMPILER_APPICON_NAME = AppIcon;
				CLANG_ENABLE_MODULES = YES;
				FRAMEWORK_SEARCH_PATHS = (
					"$(inherited)",
					"$(PROJECT_DIR)",
				);
				INFOPLIST_FILE = AutomatedPIREP/Info.plist;
				LD_RUNPATH_SEARCH_PATHS = "$(inherited) @executable_path/Frameworks";
				PRODUCT_BUNDLE_IDENTIFIER = nwmissouri.edu.AutomatedPIREP;
				PRODUCT_NAME = "$(TARGET_NAME)";
				SWIFT_OBJC_BRIDGING_HEADER = "AutomatedPIREP/AutomatedPIREP-Bridging-Header.h";
				SWIFT_OPTIMIZATION_LEVEL = "-Onone";
				TARGETED_DEVICE_FAMILY = 2;
			};
			name = Debug;
		};
		C069F8531DB85FDB00D9A0A5 /* Release */ = {
			isa = XCBuildConfiguration;
			buildSettings = {
				ASSETCATALOG_COMPILER_APPICON_NAME = AppIcon;
				CLANG_ENABLE_MODULES = YES;
				FRAMEWORK_SEARCH_PATHS = (
					"$(inherited)",
					"$(PROJECT_DIR)",
				);
				INFOPLIST_FILE = AutomatedPIREP/Info.plist;
				LD_RUNPATH_SEARCH_PATHS = "$(inherited) @executable_path/Frameworks";
				PRODUCT_BUNDLE_IDENTIFIER = nwmissouri.edu.AutomatedPIREP;
				PRODUCT_NAME = "$(TARGET_NAME)";
				SWIFT_OBJC_BRIDGING_HEADER = "AutomatedPIREP/AutomatedPIREP-Bridging-Header.h";
				TARGETED_DEVICE_FAMILY = 2;
			};
			name = Release;
		};
		C069F8551DB85FDB00D9A0A5 /* Debug */ = {
			isa = XCBuildConfiguration;
			buildSettings = {
				BUNDLE_LOADER = "$(TEST_HOST)";
				INFOPLIST_FILE = AutomatedPIREPTests/Info.plist;
				LD_RUNPATH_SEARCH_PATHS = "$(inherited) @executable_path/Frameworks @loader_path/Frameworks";
				PRODUCT_BUNDLE_IDENTIFIER = nwmissouri.edu.AutomatedPIREPTests;
				PRODUCT_NAME = "$(TARGET_NAME)";
				TEST_HOST = "$(BUILT_PRODUCTS_DIR)/AutomatedPIREP.app/AutomatedPIREP";
			};
			name = Debug;
		};
		C069F8561DB85FDB00D9A0A5 /* Release */ = {
			isa = XCBuildConfiguration;
			buildSettings = {
				BUNDLE_LOADER = "$(TEST_HOST)";
				INFOPLIST_FILE = AutomatedPIREPTests/Info.plist;
				LD_RUNPATH_SEARCH_PATHS = "$(inherited) @executable_path/Frameworks @loader_path/Frameworks";
				PRODUCT_BUNDLE_IDENTIFIER = nwmissouri.edu.AutomatedPIREPTests;
				PRODUCT_NAME = "$(TARGET_NAME)";
				TEST_HOST = "$(BUILT_PRODUCTS_DIR)/AutomatedPIREP.app/AutomatedPIREP";
			};
			name = Release;
		};
		C069F8581DB85FDB00D9A0A5 /* Debug */ = {
			isa = XCBuildConfiguration;
			buildSettings = {
				INFOPLIST_FILE = AutomatedPIREPUITests/Info.plist;
				LD_RUNPATH_SEARCH_PATHS = "$(inherited) @executable_path/Frameworks @loader_path/Frameworks";
				PRODUCT_BUNDLE_IDENTIFIER = nwmissouri.edu.AutomatedPIREPUITests;
				PRODUCT_NAME = "$(TARGET_NAME)";
				TEST_TARGET_NAME = AutomatedPIREP;
			};
			name = Debug;
		};
		C069F8591DB85FDB00D9A0A5 /* Release */ = {
			isa = XCBuildConfiguration;
			buildSettings = {
				INFOPLIST_FILE = AutomatedPIREPUITests/Info.plist;
				LD_RUNPATH_SEARCH_PATHS = "$(inherited) @executable_path/Frameworks @loader_path/Frameworks";
				PRODUCT_BUNDLE_IDENTIFIER = nwmissouri.edu.AutomatedPIREPUITests;
				PRODUCT_NAME = "$(TARGET_NAME)";
				TEST_TARGET_NAME = AutomatedPIREP;
			};
			name = Release;
		};
/* End XCBuildConfiguration section */

/* Begin XCConfigurationList section */
		C069F8221DB85FDA00D9A0A5 /* Build configuration list for PBXProject "AutomatedPIREP" */ = {
			isa = XCConfigurationList;
			buildConfigurations = (
				C069F84F1DB85FDB00D9A0A5 /* Debug */,
				C069F8501DB85FDB00D9A0A5 /* Release */,
			);
			defaultConfigurationIsVisible = 0;
			defaultConfigurationName = Release;
		};
		C069F8511DB85FDB00D9A0A5 /* Build configuration list for PBXNativeTarget "AutomatedPIREP" */ = {
			isa = XCConfigurationList;
			buildConfigurations = (
				C069F8521DB85FDB00D9A0A5 /* Debug */,
				C069F8531DB85FDB00D9A0A5 /* Release */,
			);
			defaultConfigurationIsVisible = 0;
			defaultConfigurationName = Release;
		};
		C069F8541DB85FDB00D9A0A5 /* Build configuration list for PBXNativeTarget "AutomatedPIREPTests" */ = {
			isa = XCConfigurationList;
			buildConfigurations = (
				C069F8551DB85FDB00D9A0A5 /* Debug */,
				C069F8561DB85FDB00D9A0A5 /* Release */,
			);
			defaultConfigurationIsVisible = 0;
			defaultConfigurationName = Release;
		};
		C069F8571DB85FDB00D9A0A5 /* Build configuration list for PBXNativeTarget "AutomatedPIREPUITests" */ = {
			isa = XCConfigurationList;
			buildConfigurations = (
				C069F8581DB85FDB00D9A0A5 /* Debug */,
				C069F8591DB85FDB00D9A0A5 /* Release */,
			);
			defaultConfigurationIsVisible = 0;
			defaultConfigurationName = Release;
		};
/* End XCConfigurationList section */
	};
	rootObject = C069F81F1DB85FDA00D9A0A5 /* Project object */;
}
